
Microsoft Visual Studio Solution File, Format Version 12.00
# Visual Studio Version 17
VisualStudioVersion = 17.14.36705.20
MinimumVisualStudioVersion = 10.0.40219.1
Project("{FAE04EC0-301F-11D3-BF4B-00C04F79EFBC}") = "LR_4", "LR_4\LR_4.csproj", "{ED49D2DC-4348-4FED-A48D-BC529BF83A9D}"
EndProject
Project("{FAE04EC0-301F-11D3-BF4B-00C04F79EFBC}") = "TestProject1", "TestProject1\TestProject1.csproj", "{9B5FA976-3B15-45BD-992A-8E425E5B2523}"
EndProject
Global
	GlobalSection(SolutionConfigurationPlatforms) = preSolution
		Debug|Any CPU = Debug|Any CPU
		Release|Any CPU = Release|Any CPU
	EndGlobalSection
	GlobalSection(ProjectConfigurationPlatforms) = postSolution
		{ED49D2DC-4348-4FED-A48D-BC529BF83A9D}.Debug|Any CPU.ActiveCfg = Debug|Any CPU
		{ED49D2DC-4348-4FED-A48D-BC529BF83A9D}.Debug|Any CPU.Build.0 = Debug|Any CPU
		{ED49D2DC-4348-4FED-A48D-BC529BF83A9D}.Release|Any CPU.ActiveCfg = Release|Any CPU
		{ED49D2DC-4348-4FED-A48D-BC529BF83A9D}.Release|Any CPU.Build.0 = Release|Any CPU
		{9B5FA976-3B15-45BD-992A-8E425E5B2523}.Debug|Any CPU.ActiveCfg = Debug|Any CPU
		{9B5FA976-3B15-45BD-992A-8E425E5B2523}.Debug|Any CPU.Build.0 = Debug|Any CPU
		{9B5FA976-3B15-45BD-992A-8E425E5B2523}.Release|Any CPU.ActiveCfg = Release|Any CPU
		{9B5FA976-3B15-45BD-992A-8E425E5B2523}.Release|Any CPU.Build.0 = Release|Any CPU
	EndGlobalSection
	GlobalSection(SolutionProperties) = preSolution
		HideSolutionNode = FALSE
	EndGlobalSection
	GlobalSection(ExtensibilityGlobals) = postSolution
		SolutionGuid = {0C40CD29-5F62-46FC-8539-AB4CCBF4DACF}
	EndGlobalSection
EndGlobal
